// !$*UTF8*$!
{
	archiveVersion = 1;
	classes = {
	};
	objectVersion = 50;
	objects = {

/* Begin PBXBuildFile section */
		04592A97253522FD00F2F3EC /* FrontViewController.swift in Sources */ = {isa = PBXBuildFile; fileRef = 04592A96253522FD00F2F3EC /* FrontViewController.swift */; };
		04592A992535233E00F2F3EC /* BackViewController.swift in Sources */ = {isa = PBXBuildFile; fileRef = 04592A982535233E00F2F3EC /* BackViewController.swift */; };
		04CE48D5254F5CA4009B2698 /* ExerciseTableViewController.swift in Sources */ = {isa = PBXBuildFile; fileRef = 04CE48D4254F5CA4009B2698 /* ExerciseTableViewController.swift */; };
		04CE48D7254F65A1009B2698 /* ExerciseTableViewCell.swift in Sources */ = {isa = PBXBuildFile; fileRef = 04CE48D6254F65A1009B2698 /* ExerciseTableViewCell.swift */; };
		04CE48FB255F45A4009B2698 /* DetailsViewController.swift in Sources */ = {isa = PBXBuildFile; fileRef = 04CE48FA255F45A3009B2698 /* DetailsViewController.swift */; };
		A0A125872549E6B90028EF1E /* RestAPI.swift in Sources */ = {isa = PBXBuildFile; fileRef = A0A125862549E6B90028EF1E /* RestAPI.swift */; };
		A0A125892549EB9A0028EF1E /* PostList.swift in Sources */ = {isa = PBXBuildFile; fileRef = A0A125882549EB9A0028EF1E /* PostList.swift */; };
		A0CF430B2533AC1500680AAC /* AppDelegate.swift in Sources */ = {isa = PBXBuildFile; fileRef = A0CF430A2533AC1500680AAC /* AppDelegate.swift */; };
		A0CF430D2533AC1500680AAC /* SceneDelegate.swift in Sources */ = {isa = PBXBuildFile; fileRef = A0CF430C2533AC1500680AAC /* SceneDelegate.swift */; };
		A0CF430F2533AC1500680AAC /* MasterViewController.swift in Sources */ = {isa = PBXBuildFile; fileRef = A0CF430E2533AC1500680AAC /* MasterViewController.swift */; };
		A0CF43122533AC1500680AAC /* Main.storyboard in Resources */ = {isa = PBXBuildFile; fileRef = A0CF43102533AC1500680AAC /* Main.storyboard */; };
		A0CF43142533AC2000680AAC /* Assets.xcassets in Resources */ = {isa = PBXBuildFile; fileRef = A0CF43132533AC2000680AAC /* Assets.xcassets */; };
		A0CF43172533AC2000680AAC /* LaunchScreen.storyboard in Resources */ = {isa = PBXBuildFile; fileRef = A0CF43152533AC2000680AAC /* LaunchScreen.storyboard */; };
		A0CF43222533AC2000680AAC /* Anatomy_FitnessTests.swift in Sources */ = {isa = PBXBuildFile; fileRef = A0CF43212533AC2000680AAC /* Anatomy_FitnessTests.swift */; };
		A0CF432D2533AC2000680AAC /* Anatomy_FitnessUITests.swift in Sources */ = {isa = PBXBuildFile; fileRef = A0CF432C2533AC2000680AAC /* Anatomy_FitnessUITests.swift */; };
/* End PBXBuildFile section */

/* Begin PBXContainerItemProxy section */
		A0CF431E2533AC2000680AAC /* PBXContainerItemProxy */ = {
			isa = PBXContainerItemProxy;
			containerPortal = A0CF42FF2533AC1500680AAC /* Project object */;
			proxyType = 1;
			remoteGlobalIDString = A0CF43062533AC1500680AAC;
			remoteInfo = "Anatomy Fitness";
		};
		A0CF43292533AC2000680AAC /* PBXContainerItemProxy */ = {
			isa = PBXContainerItemProxy;
			containerPortal = A0CF42FF2533AC1500680AAC /* Project object */;
			proxyType = 1;
			remoteGlobalIDString = A0CF43062533AC1500680AAC;
			remoteInfo = "Anatomy Fitness";
		};
/* End PBXContainerItemProxy section */

/* Begin PBXFileReference section */
		04592A96253522FD00F2F3EC /* FrontViewController.swift */ = {isa = PBXFileReference; lastKnownFileType = sourcecode.swift; path = FrontViewController.swift; sourceTree = "<group>"; };
		04592A982535233E00F2F3EC /* BackViewController.swift */ = {isa = PBXFileReference; lastKnownFileType = sourcecode.swift; path = BackViewController.swift; sourceTree = "<group>"; };
		04CE48D4254F5CA4009B2698 /* ExerciseTableViewController.swift */ = {isa = PBXFileReference; lastKnownFileType = sourcecode.swift; path = ExerciseTableViewController.swift; sourceTree = "<group>"; };
		04CE48D6254F65A1009B2698 /* ExerciseTableViewCell.swift */ = {isa = PBXFileReference; lastKnownFileType = sourcecode.swift; path = ExerciseTableViewCell.swift; sourceTree = "<group>"; };
		04CE48FA255F45A3009B2698 /* DetailsViewController.swift */ = {isa = PBXFileReference; lastKnownFileType = sourcecode.swift; path = DetailsViewController.swift; sourceTree = "<group>"; };
		A0A125862549E6B90028EF1E /* RestAPI.swift */ = {isa = PBXFileReference; lastKnownFileType = sourcecode.swift; path = RestAPI.swift; sourceTree = "<group>"; };
		A0A125882549EB9A0028EF1E /* PostList.swift */ = {isa = PBXFileReference; lastKnownFileType = sourcecode.swift; path = PostList.swift; sourceTree = "<group>"; };
		A0CF43072533AC1500680AAC /* Anatomy Fitness.app */ = {isa = PBXFileReference; explicitFileType = wrapper.application; includeInIndex = 0; path = "Anatomy Fitness.app"; sourceTree = BUILT_PRODUCTS_DIR; };
		A0CF430A2533AC1500680AAC /* AppDelegate.swift */ = {isa = PBXFileReference; lastKnownFileType = sourcecode.swift; path = AppDelegate.swift; sourceTree = "<group>"; };
		A0CF430C2533AC1500680AAC /* SceneDelegate.swift */ = {isa = PBXFileReference; lastKnownFileType = sourcecode.swift; path = SceneDelegate.swift; sourceTree = "<group>"; };
		A0CF430E2533AC1500680AAC /* MasterViewController.swift */ = {isa = PBXFileReference; lastKnownFileType = sourcecode.swift; path = MasterViewController.swift; sourceTree = "<group>"; };
		A0CF43112533AC1500680AAC /* Base */ = {isa = PBXFileReference; lastKnownFileType = file.storyboard; name = Base; path = Base.lproj/Main.storyboard; sourceTree = "<group>"; };
		A0CF43132533AC2000680AAC /* Assets.xcassets */ = {isa = PBXFileReference; lastKnownFileType = folder.assetcatalog; path = Assets.xcassets; sourceTree = "<group>"; };
		A0CF43162533AC2000680AAC /* Base */ = {isa = PBXFileReference; lastKnownFileType = file.storyboard; name = Base; path = Base.lproj/LaunchScreen.storyboard; sourceTree = "<group>"; };
		A0CF43182533AC2000680AAC /* Info.plist */ = {isa = PBXFileReference; lastKnownFileType = text.plist.xml; path = Info.plist; sourceTree = "<group>"; };
		A0CF431D2533AC2000680AAC /* Anatomy FitnessTests.xctest */ = {isa = PBXFileReference; explicitFileType = wrapper.cfbundle; includeInIndex = 0; path = "Anatomy FitnessTests.xctest"; sourceTree = BUILT_PRODUCTS_DIR; };
		A0CF43212533AC2000680AAC /* Anatomy_FitnessTests.swift */ = {isa = PBXFileReference; lastKnownFileType = sourcecode.swift; path = Anatomy_FitnessTests.swift; sourceTree = "<group>"; };
		A0CF43232533AC2000680AAC /* Info.plist */ = {isa = PBXFileReference; lastKnownFileType = text.plist.xml; path = Info.plist; sourceTree = "<group>"; };
		A0CF43282533AC2000680AAC /* Anatomy FitnessUITests.xctest */ = {isa = PBXFileReference; explicitFileType = wrapper.cfbundle; includeInIndex = 0; path = "Anatomy FitnessUITests.xctest"; sourceTree = BUILT_PRODUCTS_DIR; };
		A0CF432C2533AC2000680AAC /* Anatomy_FitnessUITests.swift */ = {isa = PBXFileReference; lastKnownFileType = sourcecode.swift; path = Anatomy_FitnessUITests.swift; sourceTree = "<group>"; };
		A0CF432E2533AC2000680AAC /* Info.plist */ = {isa = PBXFileReference; lastKnownFileType = text.plist.xml; path = Info.plist; sourceTree = "<group>"; };
/* End PBXFileReference section */

/* Begin PBXFrameworksBuildPhase section */
		A0CF43042533AC1500680AAC /* Frameworks */ = {
			isa = PBXFrameworksBuildPhase;
			buildActionMask = 2147483647;
			files = (
			);
			runOnlyForDeploymentPostprocessing = 0;
		};
		A0CF431A2533AC2000680AAC /* Frameworks */ = {
			isa = PBXFrameworksBuildPhase;
			buildActionMask = 2147483647;
			files = (
			);
			runOnlyForDeploymentPostprocessing = 0;
		};
		A0CF43252533AC2000680AAC /* Frameworks */ = {
			isa = PBXFrameworksBuildPhase;
			buildActionMask = 2147483647;
			files = (
			);
			runOnlyForDeploymentPostprocessing = 0;
		};
/* End PBXFrameworksBuildPhase section */

/* Begin PBXGroup section */
		A0CF42FE2533AC1400680AAC = {
			isa = PBXGroup;
			children = (
				A0CF43092533AC1500680AAC /* Anatomy Fitness */,
				A0CF43202533AC2000680AAC /* Anatomy FitnessTests */,
				A0CF432B2533AC2000680AAC /* Anatomy FitnessUITests */,
				A0CF43082533AC1500680AAC /* Products */,
			);
			sourceTree = "<group>";
		};
		A0CF43082533AC1500680AAC /* Products */ = {
			isa = PBXGroup;
			children = (
				A0CF43072533AC1500680AAC /* Anatomy Fitness.app */,
				A0CF431D2533AC2000680AAC /* Anatomy FitnessTests.xctest */,
				A0CF43282533AC2000680AAC /* Anatomy FitnessUITests.xctest */,
			);
			name = Products;
			sourceTree = "<group>";
		};
		A0CF43092533AC1500680AAC /* Anatomy Fitness */ = {
			isa = PBXGroup;
			children = (
				A0CF430A2533AC1500680AAC /* AppDelegate.swift */,
				A0CF430C2533AC1500680AAC /* SceneDelegate.swift */,
				A0CF430E2533AC1500680AAC /* MasterViewController.swift */,
				04592A96253522FD00F2F3EC /* FrontViewController.swift */,
				04592A982535233E00F2F3EC /* BackViewController.swift */,
				04CE48D4254F5CA4009B2698 /* ExerciseTableViewController.swift */,
				04CE48D6254F65A1009B2698 /* ExerciseTableViewCell.swift */,
				04CE48FA255F45A3009B2698 /* DetailsViewController.swift */,
				A0CF43102533AC1500680AAC /* Main.storyboard */,
				A0CF43132533AC2000680AAC /* Assets.xcassets */,
				A0CF43152533AC2000680AAC /* LaunchScreen.storyboard */,
				A0CF43182533AC2000680AAC /* Info.plist */,
				A0A125862549E6B90028EF1E /* RestAPI.swift */,
				A0A125882549EB9A0028EF1E /* PostList.swift */,
			);
			path = "Anatomy Fitness";
			sourceTree = "<group>";
		};
		A0CF43202533AC2000680AAC /* Anatomy FitnessTests */ = {
			isa = PBXGroup;
			children = (
				A0CF43212533AC2000680AAC /* Anatomy_FitnessTests.swift */,
				A0CF43232533AC2000680AAC /* Info.plist */,
			);
			path = "Anatomy FitnessTests";
			sourceTree = "<group>";
		};
		A0CF432B2533AC2000680AAC /* Anatomy FitnessUITests */ = {
			isa = PBXGroup;
			children = (
				A0CF432C2533AC2000680AAC /* Anatomy_FitnessUITests.swift */,
				A0CF432E2533AC2000680AAC /* Info.plist */,
			);
			path = "Anatomy FitnessUITests";
			sourceTree = "<group>";
		};
/* End PBXGroup section */

/* Begin PBXNativeTarget section */
		A0CF43062533AC1500680AAC /* Anatomy Fitness */ = {
			isa = PBXNativeTarget;
			buildConfigurationList = A0CF43312533AC2000680AAC /* Build configuration list for PBXNativeTarget "Anatomy Fitness" */;
			buildPhases = (
				A0CF43032533AC1500680AAC /* Sources */,
				A0CF43042533AC1500680AAC /* Frameworks */,
				A0CF43052533AC1500680AAC /* Resources */,
			);
			buildRules = (
			);
			dependencies = (
			);
			name = "Anatomy Fitness";
			productName = "Anatomy Fitness";
			productReference = A0CF43072533AC1500680AAC /* Anatomy Fitness.app */;
			productType = "com.apple.product-type.application";
		};
		A0CF431C2533AC2000680AAC /* Anatomy FitnessTests */ = {
			isa = PBXNativeTarget;
			buildConfigurationList = A0CF43342533AC2000680AAC /* Build configuration list for PBXNativeTarget "Anatomy FitnessTests" */;
			buildPhases = (
				A0CF43192533AC2000680AAC /* Sources */,
				A0CF431A2533AC2000680AAC /* Frameworks */,
				A0CF431B2533AC2000680AAC /* Resources */,
			);
			buildRules = (
			);
			dependencies = (
				A0CF431F2533AC2000680AAC /* PBXTargetDependency */,
			);
			name = "Anatomy FitnessTests";
			productName = "Anatomy FitnessTests";
			productReference = A0CF431D2533AC2000680AAC /* Anatomy FitnessTests.xctest */;
			productType = "com.apple.product-type.bundle.unit-test";
		};
		A0CF43272533AC2000680AAC /* Anatomy FitnessUITests */ = {
			isa = PBXNativeTarget;
			buildConfigurationList = A0CF43372533AC2000680AAC /* Build configuration list for PBXNativeTarget "Anatomy FitnessUITests" */;
			buildPhases = (
				A0CF43242533AC2000680AAC /* Sources */,
				A0CF43252533AC2000680AAC /* Frameworks */,
				A0CF43262533AC2000680AAC /* Resources */,
			);
			buildRules = (
			);
			dependencies = (
				A0CF432A2533AC2000680AAC /* PBXTargetDependency */,
			);
			name = "Anatomy FitnessUITests";
			productName = "Anatomy FitnessUITests";
			productReference = A0CF43282533AC2000680AAC /* Anatomy FitnessUITests.xctest */;
			productType = "com.apple.product-type.bundle.ui-testing";
		};
/* End PBXNativeTarget section */

/* Begin PBXProject section */
		A0CF42FF2533AC1500680AAC /* Project object */ = {
			isa = PBXProject;
			attributes = {
				LastSwiftUpdateCheck = 1170;
				LastUpgradeCheck = 1170;
				ORGANIZATIONNAME = "David Giang";
				TargetAttributes = {
					A0CF43062533AC1500680AAC = {
						CreatedOnToolsVersion = 11.7;
					};
					A0CF431C2533AC2000680AAC = {
						CreatedOnToolsVersion = 11.7;
						TestTargetID = A0CF43062533AC1500680AAC;
					};
					A0CF43272533AC2000680AAC = {
						CreatedOnToolsVersion = 11.7;
						TestTargetID = A0CF43062533AC1500680AAC;
					};
				};
			};
			buildConfigurationList = A0CF43022533AC1500680AAC /* Build configuration list for PBXProject "Anatomy Fitness" */;
			compatibilityVersion = "Xcode 9.3";
			developmentRegion = en;
			hasScannedForEncodings = 0;
			knownRegions = (
				en,
				Base,
			);
			mainGroup = A0CF42FE2533AC1400680AAC;
			productRefGroup = A0CF43082533AC1500680AAC /* Products */;
			projectDirPath = "";
			projectRoot = "";
			targets = (
				A0CF43062533AC1500680AAC /* Anatomy Fitness */,
				A0CF431C2533AC2000680AAC /* Anatomy FitnessTests */,
				A0CF43272533AC2000680AAC /* Anatomy FitnessUITests */,
			);
		};
/* End PBXProject section */

/* Begin PBXResourcesBuildPhase section */
		A0CF43052533AC1500680AAC /* Resources */ = {
			isa = PBXResourcesBuildPhase;
			buildActionMask = 2147483647;
			files = (
				A0CF43172533AC2000680AAC /* LaunchScreen.storyboard in Resources */,
				A0CF43142533AC2000680AAC /* Assets.xcassets in Resources */,
				A0CF43122533AC1500680AAC /* Main.storyboard in Resources */,
			);
			runOnlyForDeploymentPostprocessing = 0;
		};
		A0CF431B2533AC2000680AAC /* Resources */ = {
			isa = PBXResourcesBuildPhase;
			buildActionMask = 2147483647;
			files = (
			);
			runOnlyForDeploymentPostprocessing = 0;
		};
		A0CF43262533AC2000680AAC /* Resources */ = {
			isa = PBXResourcesBuildPhase;
			buildActionMask = 2147483647;
			files = (
			);
			runOnlyForDeploymentPostprocessing = 0;
		};
/* End PBXResourcesBuildPhase section */

/* Begin PBXSourcesBuildPhase section */
		A0CF43032533AC1500680AAC /* Sources */ = {
			isa = PBXSourcesBuildPhase;
			buildActionMask = 2147483647;
			files = (
				A0A125872549E6B90028EF1E /* RestAPI.swift in Sources */,
				04CE48D5254F5CA4009B2698 /* ExerciseTableViewController.swift in Sources */,
				04592A97253522FD00F2F3EC /* FrontViewController.swift in Sources */,
				A0CF430F2533AC1500680AAC /* MasterViewController.swift in Sources */,
				A0CF430B2533AC1500680AAC /* AppDelegate.swift in Sources */,
				04592A992535233E00F2F3EC /* BackViewController.swift in Sources */,
				04CE48D7254F65A1009B2698 /* ExerciseTableViewCell.swift in Sources */,
				A0CF430D2533AC1500680AAC /* SceneDelegate.swift in Sources */,
				A0A125892549EB9A0028EF1E /* PostList.swift in Sources */,
				04CE48FB255F45A4009B2698 /* DetailsViewController.swift in Sources */,
			);
			runOnlyForDeploymentPostprocessing = 0;
		};
		A0CF43192533AC2000680AAC /* Sources */ = {
			isa = PBXSourcesBuildPhase;
			buildActionMask = 2147483647;
			files = (
				A0CF43222533AC2000680AAC /* Anatomy_FitnessTests.swift in Sources */,
			);
			runOnlyForDeploymentPostprocessing = 0;
		};
		A0CF43242533AC2000680AAC /* Sources */ = {
			isa = PBXSourcesBuildPhase;
			buildActionMask = 2147483647;
			files = (
				A0CF432D2533AC2000680AAC /* Anatomy_FitnessUITests.swift in Sources */,
			);
			runOnlyForDeploymentPostprocessing = 0;
		};
/* End PBXSourcesBuildPhase section */

/* Begin PBXTargetDependency section */
		A0CF431F2533AC2000680AAC /* PBXTargetDependency */ = {
			isa = PBXTargetDependency;
			target = A0CF43062533AC1500680AAC /* Anatomy Fitness */;
			targetProxy = A0CF431E2533AC2000680AAC /* PBXContainerItemProxy */;
		};
		A0CF432A2533AC2000680AAC /* PBXTargetDependency */ = {
			isa = PBXTargetDependency;
			target = A0CF43062533AC1500680AAC /* Anatomy Fitness */;
			targetProxy = A0CF43292533AC2000680AAC /* PBXContainerItemProxy */;
		};
/* End PBXTargetDependency section */

/* Begin PBXVariantGroup section */
		A0CF43102533AC1500680AAC /* Main.storyboard */ = {
			isa = PBXVariantGroup;
			children = (
				A0CF43112533AC1500680AAC /* Base */,
			);
			name = Main.storyboard;
			sourceTree = "<group>";
		};
		A0CF43152533AC2000680AAC /* LaunchScreen.storyboard */ = {
			isa = PBXVariantGroup;
			children = (
				A0CF43162533AC2000680AAC /* Base */,
			);
			name = LaunchScreen.storyboard;
			sourceTree = "<group>";
		};
/* End PBXVariantGroup section */

/* Begin XCBuildConfiguration section */
		A0CF432F2533AC2000680AAC /* Debug */ = {
			isa = XCBuildConfiguration;
			buildSettings = {
				ALWAYS_SEARCH_USER_PATHS = NO;
				CLANG_ANALYZER_NONNULL = YES;
				CLANG_ANALYZER_NUMBER_OBJECT_CONVERSION = YES_AGGRESSIVE;
				CLANG_CXX_LANGUAGE_STANDARD = "gnu++14";
				CLANG_CXX_LIBRARY = "libc++";
				CLANG_ENABLE_MODULES = YES;
				CLANG_ENABLE_OBJC_ARC = YES;
				CLANG_ENABLE_OBJC_WEAK = YES;
				CLANG_WARN_BLOCK_CAPTURE_AUTORELEASING = YES;
				CLANG_WARN_BOOL_CONVERSION = YES;
				CLANG_WARN_COMMA = YES;
				CLANG_WARN_CONSTANT_CONVERSION = YES;
				CLANG_WARN_DEPRECATED_OBJC_IMPLEMENTATIONS = YES;
				CLANG_WARN_DIRECT_OBJC_ISA_USAGE = YES_ERROR;
				CLANG_WARN_DOCUMENTATION_COMMENTS = YES;
				CLANG_WARN_EMPTY_BODY = YES;
				CLANG_WARN_ENUM_CONVERSION = YES;
				CLANG_WARN_INFINITE_RECURSION = YES;
				CLANG_WARN_INT_CONVERSION = YES;
				CLANG_WARN_NON_LITERAL_NULL_CONVERSION = YES;
				CLANG_WARN_OBJC_IMPLICIT_RETAIN_SELF = YES;
				CLANG_WARN_OBJC_LITERAL_CONVERSION = YES;
				CLANG_WARN_OBJC_ROOT_CLASS = YES_ERROR;
				CLANG_WARN_RANGE_LOOP_ANALYSIS = YES;
				CLANG_WARN_STRICT_PROTOTYPES = YES;
				CLANG_WARN_SUSPICIOUS_MOVE = YES;
				CLANG_WARN_UNGUARDED_AVAILABILITY = YES_AGGRESSIVE;
				CLANG_WARN_UNREACHABLE_CODE = YES;
				CLANG_WARN__DUPLICATE_METHOD_MATCH = YES;
				COPY_PHASE_STRIP = NO;
				DEBUG_INFORMATION_FORMAT = dwarf;
				ENABLE_STRICT_OBJC_MSGSEND = YES;
				ENABLE_TESTABILITY = YES;
				GCC_C_LANGUAGE_STANDARD = gnu11;
				GCC_DYNAMIC_NO_PIC = NO;
				GCC_NO_COMMON_BLOCKS = YES;
				GCC_OPTIMIZATION_LEVEL = 0;
				GCC_PREPROCESSOR_DEFINITIONS = (
					"DEBUG=1",
					"$(inherited)",
				);
				GCC_WARN_64_TO_32_BIT_CONVERSION = YES;
				GCC_WARN_ABOUT_RETURN_TYPE = YES_ERROR;
				GCC_WARN_UNDECLARED_SELECTOR = YES;
				GCC_WARN_UNINITIALIZED_AUTOS = YES_AGGRESSIVE;
				GCC_WARN_UNUSED_FUNCTION = YES;
				GCC_WARN_UNUSED_VARIABLE = YES;
				IPHONEOS_DEPLOYMENT_TARGET = 13.7;
				MTL_ENABLE_DEBUG_INFO = INCLUDE_SOURCE;
				MTL_FAST_MATH = YES;
				ONLY_ACTIVE_ARCH = YES;
				SDKROOT = iphoneos;
				SWIFT_ACTIVE_COMPILATION_CONDITIONS = DEBUG;
				SWIFT_OPTIMIZATION_LEVEL = "-Onone";
			};
			name = Debug;
		};
		A0CF43302533AC2000680AAC /* Release */ = {
			isa = XCBuildConfiguration;
			buildSettings = {
				ALWAYS_SEARCH_USER_PATHS = NO;
				CLANG_ANALYZER_NONNULL = YES;
				CLANG_ANALYZER_NUMBER_OBJECT_CONVERSION = YES_AGGRESSIVE;
				CLANG_CXX_LANGUAGE_STANDARD = "gnu++14";
				CLANG_CXX_LIBRARY = "libc++";
				CLANG_ENABLE_MODULES = YES;
				CLANG_ENABLE_OBJC_ARC = YES;
				CLANG_ENABLE_OBJC_WEAK = YES;
				CLANG_WARN_BLOCK_CAPTURE_AUTORELEASING = YES;
				CLANG_WARN_BOOL_CONVERSION = YES;
				CLANG_WARN_COMMA = YES;
				CLANG_WARN_CONSTANT_CONVERSION = YES;
				CLANG_WARN_DEPRECATED_OBJC_IMPLEMENTATIONS = YES;
				CLANG_WARN_DIRECT_OBJC_ISA_USAGE = YES_ERROR;
				CLANG_WARN_DOCUMENTATION_COMMENTS = YES;
				CLANG_WARN_EMPTY_BODY = YES;
				CLANG_WARN_ENUM_CONVERSION = YES;
				CLANG_WARN_INFINITE_RECURSION = YES;
				CLANG_WARN_INT_CONVERSION = YES;
				CLANG_WARN_NON_LITERAL_NULL_CONVERSION = YES;
				CLANG_WARN_OBJC_IMPLICIT_RETAIN_SELF = YES;
				CLANG_WARN_OBJC_LITERAL_CONVERSION = YES;
				CLANG_WARN_OBJC_ROOT_CLASS = YES_ERROR;
				CLANG_WARN_RANGE_LOOP_ANALYSIS = YES;
				CLANG_WARN_STRICT_PROTOTYPES = YES;
				CLANG_WARN_SUSPICIOUS_MOVE = YES;
				CLANG_WARN_UNGUARDED_AVAILABILITY = YES_AGGRESSIVE;
				CLANG_WARN_UNREACHABLE_CODE = YES;
				CLANG_WARN__DUPLICATE_METHOD_MATCH = YES;
				COPY_PHASE_STRIP = NO;
				DEBUG_INFORMATION_FORMAT = "dwarf-with-dsym";
				ENABLE_NS_ASSERTIONS = NO;
				ENABLE_STRICT_OBJC_MSGSEND = YES;
				GCC_C_LANGUAGE_STANDARD = gnu11;
				GCC_NO_COMMON_BLOCKS = YES;
				GCC_WARN_64_TO_32_BIT_CONVERSION = YES;
				GCC_WARN_ABOUT_RETURN_TYPE = YES_ERROR;
				GCC_WARN_UNDECLARED_SELECTOR = YES;
				GCC_WARN_UNINITIALIZED_AUTOS = YES_AGGRESSIVE;
				GCC_WARN_UNUSED_FUNCTION = YES;
				GCC_WARN_UNUSED_VARIABLE = YES;
				IPHONEOS_DEPLOYMENT_TARGET = 13.7;
				MTL_ENABLE_DEBUG_INFO = NO;
				MTL_FAST_MATH = YES;
				SDKROOT = iphoneos;
				SWIFT_COMPILATION_MODE = wholemodule;
				SWIFT_OPTIMIZATION_LEVEL = "-O";
				VALIDATE_PRODUCT = YES;
			};
			name = Release;
		};
		A0CF43322533AC2000680AAC /* Debug */ = {
			isa = XCBuildConfiguration;
			buildSettings = {
				ASSETCATALOG_COMPILER_APPICON_NAME = AppIcon;
				CODE_SIGN_STYLE = Automatic;
				DEVELOPMENT_TEAM = NUNB65AK4U;
				INFOPLIST_FILE = "Anatomy Fitness/Info.plist";
				LD_RUNPATH_SEARCH_PATHS = (
					"$(inherited)",
					"@executable_path/Frameworks",
				);
				PRODUCT_BUNDLE_IDENTIFIER = "umass.edu.Anatomy-Fitness";
				PRODUCT_NAME = "$(TARGET_NAME)";
				SWIFT_VERSION = 5.0;
				TARGETED_DEVICE_FAMILY = "1,2";
			};
			name = Debug;
		};
		A0CF43332533AC2000680AAC /* Release */ = {
			isa = XCBuildConfiguration;
			buildSettings = {
				ASSETCATALOG_COMPILER_APPICON_NAME = AppIcon;
				CODE_SIGN_STYLE = Automatic;
				DEVELOPMENT_TEAM = NUNB65AK4U;
				INFOPLIST_FILE = "Anatomy Fitness/Info.plist";
				LD_RUNPATH_SEARCH_PATHS = (
					"$(inherited)",
					"@executable_path/Frameworks",
				);
				PRODUCT_BUNDLE_IDENTIFIER = "umass.edu.Anatomy-Fitness";
				PRODUCT_NAME = "$(TARGET_NAME)";
				SWIFT_VERSION = 5.0;
				TARGETED_DEVICE_FAMILY = "1,2";
			};
			name = Release;
		};
		A0CF43352533AC2000680AAC /* Debug */ = {
			isa = XCBuildConfiguration;
			buildSettings = {
				ALWAYS_EMBED_SWIFT_STANDARD_LIBRARIES = YES;
				BUNDLE_LOADER = "$(TEST_HOST)";
				CODE_SIGN_STYLE = Automatic;
				DEVELOPMENT_TEAM = NUNB65AK4U;
				INFOPLIST_FILE = "Anatomy FitnessTests/Info.plist";
				IPHONEOS_DEPLOYMENT_TARGET = 13.7;
				LD_RUNPATH_SEARCH_PATHS = (
					"$(inherited)",
					"@executable_path/Frameworks",
					"@loader_path/Frameworks",
				);
				PRODUCT_BUNDLE_IDENTIFIER = "umass.edu.Anatomy-FitnessTests";
				PRODUCT_NAME = "$(TARGET_NAME)";
				SWIFT_VERSION = 5.0;
				TARGETED_DEVICE_FAMILY = "1,2";
				TEST_HOST = "$(BUILT_PRODUCTS_DIR)/Anatomy Fitness.app/Anatomy Fitness";
			};
			name = Debug;
		};
		A0CF43362533AC2000680AAC /* Release */ = {
			isa = XCBuildConfiguration;
			buildSettings = {
				ALWAYS_EMBED_SWIFT_STANDARD_LIBRARIES = YES;
				BUNDLE_LOADER = "$(TEST_HOST)";
				CODE_SIGN_STYLE = Automatic;
				DEVELOPMENT_TEAM = NUNB65AK4U;
				INFOPLIST_FILE = "Anatomy FitnessTests/Info.plist";
				IPHONEOS_DEPLOYMENT_TARGET = 13.7;
				LD_RUNPATH_SEARCH_PATHS = (
					"$(inherited)",
					"@executable_path/Frameworks",
					"@loader_path/Frameworks",
				);
				PRODUCT_BUNDLE_IDENTIFIER = "umass.edu.Anatomy-FitnessTests";
				PRODUCT_NAME = "$(TARGET_NAME)";
				SWIFT_VERSION = 5.0;
				TARGETED_DEVICE_FAMILY = "1,2";
				TEST_HOST = "$(BUILT_PRODUCTS_DIR)/Anatomy Fitness.app/Anatomy Fitness";
			};
			name = Release;
		};
		A0CF43382533AC2000680AAC /* Debug */ = {
			isa = XCBuildConfiguration;
			buildSettings = {
				ALWAYS_EMBED_SWIFT_STANDARD_LIBRARIES = YES;
				CODE_SIGN_STYLE = Automatic;
				DEVELOPMENT_TEAM = NUNB65AK4U;
				INFOPLIST_FILE = "Anatomy FitnessUITests/Info.plist";
				LD_RUNPATH_SEARCH_PATHS = (
					"$(inherited)",
					"@executable_path/Frameworks",
					"@loader_path/Frameworks",
				);
				PRODUCT_BUNDLE_IDENTIFIER = "umass.edu.Anatomy-FitnessUITests";
				PRODUCT_NAME = "$(TARGET_NAME)";
				SWIFT_VERSION = 5.0;
				TARGETED_DEVICE_FAMILY = "1,2";
				TEST_TARGET_NAME = "Anatomy Fitness";
			};
			name = Debug;
		};
		A0CF43392533AC2000680AAC /* Release */ = {
			isa = XCBuildConfiguration;
			buildSettings = {
				ALWAYS_EMBED_SWIFT_STANDARD_LIBRARIES = YES;
				CODE_SIGN_STYLE = Automatic;
				DEVELOPMENT_TEAM = NUNB65AK4U;
				INFOPLIST_FILE = "Anatomy FitnessUITests/Info.plist";
				LD_RUNPATH_SEARCH_PATHS = (
					"$(inherited)",
					"@executable_path/Frameworks",
					"@loader_path/Frameworks",
				);
				PRODUCT_BUNDLE_IDENTIFIER = "umass.edu.Anatomy-FitnessUITests";
				PRODUCT_NAME = "$(TARGET_NAME)";
				SWIFT_VERSION = 5.0;
				TARGETED_DEVICE_FAMILY = "1,2";
				TEST_TARGET_NAME = "Anatomy Fitness";
			};
			name = Release;
		};
/* End XCBuildConfiguration section */

/* Begin XCConfigurationList section */
		A0CF43022533AC1500680AAC /* Build configuration list for PBXProject "Anatomy Fitness" */ = {
			isa = XCConfigurationList;
			buildConfigurations = (
				A0CF432F2533AC2000680AAC /* Debug */,
				A0CF43302533AC2000680AAC /* Release */,
			);
			defaultConfigurationIsVisible = 0;
			defaultConfigurationName = Release;
		};
		A0CF43312533AC2000680AAC /* Build configuration list for PBXNativeTarget "Anatomy Fitness" */ = {
			isa = XCConfigurationList;
			buildConfigurations = (
				A0CF43322533AC2000680AAC /* Debug */,
				A0CF43332533AC2000680AAC /* Release */,
			);
			defaultConfigurationIsVisible = 0;
			defaultConfigurationName = Release;
		};
		A0CF43342533AC2000680AAC /* Build configuration list for PBXNativeTarget "Anatomy FitnessTests" */ = {
			isa = XCConfigurationList;
			buildConfigurations = (
				A0CF43352533AC2000680AAC /* Debug */,
				A0CF43362533AC2000680AAC /* Release */,
			);
			defaultConfigurationIsVisible = 0;
			defaultConfigurationName = Release;
		};
		A0CF43372533AC2000680AAC /* Build configuration list for PBXNativeTarget "Anatomy FitnessUITests" */ = {
			isa = XCConfigurationList;
			buildConfigurations = (
				A0CF43382533AC2000680AAC /* Debug */,
				A0CF43392533AC2000680AAC /* Release */,
			);
			defaultConfigurationIsVisible = 0;
			defaultConfigurationName = Release;
		};
/* End XCConfigurationList section */
	};
	rootObject = A0CF42FF2533AC1500680AAC /* Project object */;
}
